// !$*UTF8*$!
{
	archiveVersion = 1;
	classes = {
	};
	objectVersion = 56;
	objects = {

/* Begin PBXBuildFile section */
		7F8A9F372C052BCA00642261 /* Launch Screen.storyboard in Resources */ = {isa = PBXBuildFile; fileRef = 7F8A9F362C052BCA00642261 /* Launch Screen.storyboard */; };
		7FF3C62C2C00F21500163F2B /* ToDoListApp.swift in Sources */ = {isa = PBXBuildFile; fileRef = 7FF3C62B2C00F21500163F2B /* ToDoListApp.swift */; };
		7FF3C62E2C00F21500163F2B /* Mainview.swift in Sources */ = {isa = PBXBuildFile; fileRef = 7FF3C62D2C00F21500163F2B /* Mainview.swift */; };
		7FF3C6302C00F21600163F2B /* Assets.xcassets in Resources */ = {isa = PBXBuildFile; fileRef = 7FF3C62F2C00F21600163F2B /* Assets.xcassets */; };
		7FF3C6332C00F21600163F2B /* Preview Assets.xcassets in Resources */ = {isa = PBXBuildFile; fileRef = 7FF3C6322C00F21600163F2B /* Preview Assets.xcassets */; };
		7FF3C63D2C00F21600163F2B /* ToDoListTests.swift in Sources */ = {isa = PBXBuildFile; fileRef = 7FF3C63C2C00F21600163F2B /* ToDoListTests.swift */; };
		7FF3C6472C00F21600163F2B /* ToDoListUITests.swift in Sources */ = {isa = PBXBuildFile; fileRef = 7FF3C6462C00F21600163F2B /* ToDoListUITests.swift */; };
		7FF3C6492C00F21600163F2B /* ToDoListUITestsLaunchTests.swift in Sources */ = {isa = PBXBuildFile; fileRef = 7FF3C6482C00F21600163F2B /* ToDoListUITestsLaunchTests.swift */; };
		7FF3C6572C00F98800163F2B /* FirebaseAuth in Frameworks */ = {isa = PBXBuildFile; productRef = 7FF3C6562C00F98800163F2B /* FirebaseAuth */; };
		7FF3C6592C00F98800163F2B /* FirebaseFirestore in Frameworks */ = {isa = PBXBuildFile; productRef = 7FF3C6582C00F98800163F2B /* FirebaseFirestore */; };
		7FF3C65B2C00F98800163F2B /* FirebaseFirestoreSwift in Frameworks */ = {isa = PBXBuildFile; productRef = 7FF3C65A2C00F98800163F2B /* FirebaseFirestoreSwift */; };
		7FF3C65D2C00FB7100163F2B /* GoogleService-Info.plist in Resources */ = {isa = PBXBuildFile; fileRef = 7FF3C65C2C00FB7000163F2B /* GoogleService-Info.plist */; };
		7FF3C6632C00FE2300163F2B /* ProfileView.swift in Sources */ = {isa = PBXBuildFile; fileRef = 7FF3C6622C00FE2300163F2B /* ProfileView.swift */; };
		7FF3C6652C00FE5700163F2B /* ToDoListView.swift in Sources */ = {isa = PBXBuildFile; fileRef = 7FF3C6642C00FE5700163F2B /* ToDoListView.swift */; };
		7FF3C6672C00FE6E00163F2B /* NewItemView.swift in Sources */ = {isa = PBXBuildFile; fileRef = 7FF3C6662C00FE6E00163F2B /* NewItemView.swift */; };
		7FF3C6692C00FE7B00163F2B /* LoginView.swift in Sources */ = {isa = PBXBuildFile; fileRef = 7FF3C6682C00FE7B00163F2B /* LoginView.swift */; };
		7FF3C66B2C00FE8E00163F2B /* RegiesterView.swift in Sources */ = {isa = PBXBuildFile; fileRef = 7FF3C66A2C00FE8E00163F2B /* RegiesterView.swift */; };
		7FF3C66D2C00FEB200163F2B /* ToDoListItemView.swift in Sources */ = {isa = PBXBuildFile; fileRef = 7FF3C66C2C00FEB200163F2B /* ToDoListItemView.swift */; };
		7FF3C66F2C00FEF300163F2B /* User.swift in Sources */ = {isa = PBXBuildFile; fileRef = 7FF3C66E2C00FEF300163F2B /* User.swift */; };
		7FF3C6712C00FF0500163F2B /* ToDoListItem.swift in Sources */ = {isa = PBXBuildFile; fileRef = 7FF3C6702C00FF0400163F2B /* ToDoListItem.swift */; };
		7FF3C6732C00FF3B00163F2B /* MainViewViewModel.swift in Sources */ = {isa = PBXBuildFile; fileRef = 7FF3C6722C00FF3B00163F2B /* MainViewViewModel.swift */; };
		7FF3C6752C00FF4600163F2B /* ProfileViewViewModel.swift in Sources */ = {isa = PBXBuildFile; fileRef = 7FF3C6742C00FF4600163F2B /* ProfileViewViewModel.swift */; };
		7FF3C6772C00FF5200163F2B /* ToDoListViewViewModel.swift in Sources */ = {isa = PBXBuildFile; fileRef = 7FF3C6762C00FF5200163F2B /* ToDoListViewViewModel.swift */; };
		7FF3C6792C00FF5C00163F2B /* NewItemViewViewModel.swift in Sources */ = {isa = PBXBuildFile; fileRef = 7FF3C6782C00FF5C00163F2B /* NewItemViewViewModel.swift */; };
		7FF3C67B2C00FF6500163F2B /* LoginViewViewModel.swift in Sources */ = {isa = PBXBuildFile; fileRef = 7FF3C67A2C00FF6500163F2B /* LoginViewViewModel.swift */; };
		7FF3C67D2C00FF6E00163F2B /* RegisterViewViewModel.swift in Sources */ = {isa = PBXBuildFile; fileRef = 7FF3C67C2C00FF6E00163F2B /* RegisterViewViewModel.swift */; };
		7FF3C67F2C00FF7C00163F2B /* ToDoListItemViewViewModel.swift in Sources */ = {isa = PBXBuildFile; fileRef = 7FF3C67E2C00FF7C00163F2B /* ToDoListItemViewViewModel.swift */; };
		7FF3C6812C01036D00163F2B /* HeaderView.swift in Sources */ = {isa = PBXBuildFile; fileRef = 7FF3C6802C01036D00163F2B /* HeaderView.swift */; };
		7FF3C6832C01F22E00163F2B /* TLButtonview.swift in Sources */ = {isa = PBXBuildFile; fileRef = 7FF3C6822C01F22E00163F2B /* TLButtonview.swift */; };
		7FF3C6852C03AF0D00163F2B /* Extensions.swift in Sources */ = {isa = PBXBuildFile; fileRef = 7FF3C6842C03AF0D00163F2B /* Extensions.swift */; };
/* End PBXBuildFile section */

/* Begin PBXContainerItemProxy section */
		7FF3C6392C00F21600163F2B /* PBXContainerItemProxy */ = {
			isa = PBXContainerItemProxy;
			containerPortal = 7FF3C6202C00F21500163F2B /* Project object */;
			proxyType = 1;
			remoteGlobalIDString = 7FF3C6272C00F21500163F2B;
			remoteInfo = ToDoList;
		};
		7FF3C6432C00F21600163F2B /* PBXContainerItemProxy */ = {
			isa = PBXContainerItemProxy;
			containerPortal = 7FF3C6202C00F21500163F2B /* Project object */;
			proxyType = 1;
			remoteGlobalIDString = 7FF3C6272C00F21500163F2B;
			remoteInfo = ToDoList;
		};
/* End PBXContainerItemProxy section */

/* Begin PBXFileReference section */
		7F8A9F362C052BCA00642261 /* Launch Screen.storyboard */ = {isa = PBXFileReference; lastKnownFileType = file.storyboard; path = "Launch Screen.storyboard"; sourceTree = "<group>"; };
		7FF3C6282C00F21500163F2B /* ToDoList.app */ = {isa = PBXFileReference; explicitFileType = wrapper.application; includeInIndex = 0; path = ToDoList.app; sourceTree = BUILT_PRODUCTS_DIR; };
		7FF3C62B2C00F21500163F2B /* ToDoListApp.swift */ = {isa = PBXFileReference; lastKnownFileType = sourcecode.swift; path = ToDoListApp.swift; sourceTree = "<group>"; };
		7FF3C62D2C00F21500163F2B /* Mainview.swift */ = {isa = PBXFileReference; lastKnownFileType = sourcecode.swift; path = Mainview.swift; sourceTree = "<group>"; };
		7FF3C62F2C00F21600163F2B /* Assets.xcassets */ = {isa = PBXFileReference; lastKnownFileType = folder.assetcatalog; path = Assets.xcassets; sourceTree = "<group>"; };
		7FF3C6322C00F21600163F2B /* Preview Assets.xcassets */ = {isa = PBXFileReference; lastKnownFileType = folder.assetcatalog; path = "Preview Assets.xcassets"; sourceTree = "<group>"; };
		7FF3C6382C00F21600163F2B /* ToDoListTests.xctest */ = {isa = PBXFileReference; explicitFileType = wrapper.cfbundle; includeInIndex = 0; path = ToDoListTests.xctest; sourceTree = BUILT_PRODUCTS_DIR; };
		7FF3C63C2C00F21600163F2B /* ToDoListTests.swift */ = {isa = PBXFileReference; lastKnownFileType = sourcecode.swift; path = ToDoListTests.swift; sourceTree = "<group>"; };
		7FF3C6422C00F21600163F2B /* ToDoListUITests.xctest */ = {isa = PBXFileReference; explicitFileType = wrapper.cfbundle; includeInIndex = 0; path = ToDoListUITests.xctest; sourceTree = BUILT_PRODUCTS_DIR; };
		7FF3C6462C00F21600163F2B /* ToDoListUITests.swift */ = {isa = PBXFileReference; lastKnownFileType = sourcecode.swift; path = ToDoListUITests.swift; sourceTree = "<group>"; };
		7FF3C6482C00F21600163F2B /* ToDoListUITestsLaunchTests.swift */ = {isa = PBXFileReference; lastKnownFileType = sourcecode.swift; path = ToDoListUITestsLaunchTests.swift; sourceTree = "<group>"; };
		7FF3C65C2C00FB7000163F2B /* GoogleService-Info.plist */ = {isa = PBXFileReference; fileEncoding = 4; lastKnownFileType = text.plist.xml; path = "GoogleService-Info.plist"; sourceTree = "<group>"; };
		7FF3C6622C00FE2300163F2B /* ProfileView.swift */ = {isa = PBXFileReference; lastKnownFileType = sourcecode.swift; path = ProfileView.swift; sourceTree = "<group>"; };
		7FF3C6642C00FE5700163F2B /* ToDoListView.swift */ = {isa = PBXFileReference; lastKnownFileType = sourcecode.swift; path = ToDoListView.swift; sourceTree = "<group>"; };
		7FF3C6662C00FE6E00163F2B /* NewItemView.swift */ = {isa = PBXFileReference; lastKnownFileType = sourcecode.swift; path = NewItemView.swift; sourceTree = "<group>"; };
		7FF3C6682C00FE7B00163F2B /* LoginView.swift */ = {isa = PBXFileReference; lastKnownFileType = sourcecode.swift; path = LoginView.swift; sourceTree = "<group>"; };
		7FF3C66A2C00FE8E00163F2B /* RegiesterView.swift */ = {isa = PBXFileReference; lastKnownFileType = sourcecode.swift; path = RegiesterView.swift; sourceTree = "<group>"; };
		7FF3C66C2C00FEB200163F2B /* ToDoListItemView.swift */ = {isa = PBXFileReference; lastKnownFileType = sourcecode.swift; path = ToDoListItemView.swift; sourceTree = "<group>"; };
		7FF3C66E2C00FEF300163F2B /* User.swift */ = {isa = PBXFileReference; lastKnownFileType = sourcecode.swift; path = User.swift; sourceTree = "<group>"; };
		7FF3C6702C00FF0400163F2B /* ToDoListItem.swift */ = {isa = PBXFileReference; lastKnownFileType = sourcecode.swift; path = ToDoListItem.swift; sourceTree = "<group>"; };
		7FF3C6722C00FF3B00163F2B /* MainViewViewModel.swift */ = {isa = PBXFileReference; lastKnownFileType = sourcecode.swift; path = MainViewViewModel.swift; sourceTree = "<group>"; };
		7FF3C6742C00FF4600163F2B /* ProfileViewViewModel.swift */ = {isa = PBXFileReference; lastKnownFileType = sourcecode.swift; path = ProfileViewViewModel.swift; sourceTree = "<group>"; };
		7FF3C6762C00FF5200163F2B /* ToDoListViewViewModel.swift */ = {isa = PBXFileReference; lastKnownFileType = sourcecode.swift; path = ToDoListViewViewModel.swift; sourceTree = "<group>"; };
		7FF3C6782C00FF5C00163F2B /* NewItemViewViewModel.swift */ = {isa = PBXFileReference; lastKnownFileType = sourcecode.swift; path = NewItemViewViewModel.swift; sourceTree = "<group>"; };
		7FF3C67A2C00FF6500163F2B /* LoginViewViewModel.swift */ = {isa = PBXFileReference; lastKnownFileType = sourcecode.swift; path = LoginViewViewModel.swift; sourceTree = "<group>"; };
		7FF3C67C2C00FF6E00163F2B /* RegisterViewViewModel.swift */ = {isa = PBXFileReference; lastKnownFileType = sourcecode.swift; path = RegisterViewViewModel.swift; sourceTree = "<group>"; };
		7FF3C67E2C00FF7C00163F2B /* ToDoListItemViewViewModel.swift */ = {isa = PBXFileReference; lastKnownFileType = sourcecode.swift; path = ToDoListItemViewViewModel.swift; sourceTree = "<group>"; };
		7FF3C6802C01036D00163F2B /* HeaderView.swift */ = {isa = PBXFileReference; lastKnownFileType = sourcecode.swift; path = HeaderView.swift; sourceTree = "<group>"; };
		7FF3C6822C01F22E00163F2B /* TLButtonview.swift */ = {isa = PBXFileReference; lastKnownFileType = sourcecode.swift; path = TLButtonview.swift; sourceTree = "<group>"; };
		7FF3C6842C03AF0D00163F2B /* Extensions.swift */ = {isa = PBXFileReference; lastKnownFileType = sourcecode.swift; path = Extensions.swift; sourceTree = "<group>"; };
/* End PBXFileReference section */

/* Begin PBXFrameworksBuildPhase section */
		7FF3C6252C00F21500163F2B /* Frameworks */ = {
			isa = PBXFrameworksBuildPhase;
			buildActionMask = 2147483647;
			files = (
				7FF3C6572C00F98800163F2B /* FirebaseAuth in Frameworks */,
				7FF3C6592C00F98800163F2B /* FirebaseFirestore in Frameworks */,
				7FF3C65B2C00F98800163F2B /* FirebaseFirestoreSwift in Frameworks */,
			);
			runOnlyForDeploymentPostprocessing = 0;
		};
		7FF3C6352C00F21600163F2B /* Frameworks */ = {
			isa = PBXFrameworksBuildPhase;
			buildActionMask = 2147483647;
			files = (
			);
			runOnlyForDeploymentPostprocessing = 0;
		};
		7FF3C63F2C00F21600163F2B /* Frameworks */ = {
			isa = PBXFrameworksBuildPhase;
			buildActionMask = 2147483647;
			files = (
			);
			runOnlyForDeploymentPostprocessing = 0;
		};
/* End PBXFrameworksBuildPhase section */

/* Begin PBXGroup section */
		7FF3C61F2C00F21500163F2B = {
			isa = PBXGroup;
			children = (
				7FF3C62A2C00F21500163F2B /* ToDoList */,
				7FF3C63B2C00F21600163F2B /* ToDoListTests */,
				7FF3C6452C00F21600163F2B /* ToDoListUITests */,
				7FF3C6292C00F21500163F2B /* Products */,
			);
			sourceTree = "<group>";
		};
		7FF3C6292C00F21500163F2B /* Products */ = {
			isa = PBXGroup;
			children = (
				7FF3C6282C00F21500163F2B /* ToDoList.app */,
				7FF3C6382C00F21600163F2B /* ToDoListTests.xctest */,
				7FF3C6422C00F21600163F2B /* ToDoListUITests.xctest */,
			);
			name = Products;
			sourceTree = "<group>";
		};
		7FF3C62A2C00F21500163F2B /* ToDoList */ = {
			isa = PBXGroup;
			children = (
				7FF3C6612C00FCF600163F2B /* Other */,
				7FF3C6602C00FCE100163F2B /* Models */,
				7FF3C65F2C00FCC700163F2B /* ViewModels */,
				7FF3C65E2C00FCBF00163F2B /* Views */,
				7FF3C6312C00F21600163F2B /* Preview Content */,
			);
			path = ToDoList;
			sourceTree = "<group>";
		};
		7FF3C6312C00F21600163F2B /* Preview Content */ = {
			isa = PBXGroup;
			children = (
				7FF3C6322C00F21600163F2B /* Preview Assets.xcassets */,
			);
			path = "Preview Content";
			sourceTree = "<group>";
		};
		7FF3C63B2C00F21600163F2B /* ToDoListTests */ = {
			isa = PBXGroup;
			children = (
				7FF3C63C2C00F21600163F2B /* ToDoListTests.swift */,
			);
			path = ToDoListTests;
			sourceTree = "<group>";
		};
		7FF3C6452C00F21600163F2B /* ToDoListUITests */ = {
			isa = PBXGroup;
			children = (
				7FF3C6462C00F21600163F2B /* ToDoListUITests.swift */,
				7FF3C6482C00F21600163F2B /* ToDoListUITestsLaunchTests.swift */,
			);
			path = ToDoListUITests;
			sourceTree = "<group>";
		};
		7FF3C65E2C00FCBF00163F2B /* Views */ = {
			isa = PBXGroup;
			children = (
				7FF3C62D2C00F21500163F2B /* Mainview.swift */,
				7FF3C6622C00FE2300163F2B /* ProfileView.swift */,
				7FF3C6642C00FE5700163F2B /* ToDoListView.swift */,
				7FF3C6662C00FE6E00163F2B /* NewItemView.swift */,
				7FF3C6682C00FE7B00163F2B /* LoginView.swift */,
				7FF3C66A2C00FE8E00163F2B /* RegiesterView.swift */,
				7FF3C66C2C00FEB200163F2B /* ToDoListItemView.swift */,
				7FF3C6802C01036D00163F2B /* HeaderView.swift */,
				7FF3C6822C01F22E00163F2B /* TLButtonview.swift */,
			);
			path = Views;
			sourceTree = "<group>";
		};
		7FF3C65F2C00FCC700163F2B /* ViewModels */ = {
			isa = PBXGroup;
			children = (
				7FF3C6722C00FF3B00163F2B /* MainViewViewModel.swift */,
				7FF3C6742C00FF4600163F2B /* ProfileViewViewModel.swift */,
				7FF3C6762C00FF5200163F2B /* ToDoListViewViewModel.swift */,
				7FF3C6782C00FF5C00163F2B /* NewItemViewViewModel.swift */,
				7FF3C67A2C00FF6500163F2B /* LoginViewViewModel.swift */,
				7FF3C67C2C00FF6E00163F2B /* RegisterViewViewModel.swift */,
				7FF3C67E2C00FF7C00163F2B /* ToDoListItemViewViewModel.swift */,
			);
			path = ViewModels;
			sourceTree = "<group>";
		};
		7FF3C6602C00FCE100163F2B /* Models */ = {
			isa = PBXGroup;
			children = (
				7FF3C66E2C00FEF300163F2B /* User.swift */,
				7FF3C6702C00FF0400163F2B /* ToDoListItem.swift */,
			);
			path = Models;
			sourceTree = "<group>";
		};
		7FF3C6612C00FCF600163F2B /* Other */ = {
			isa = PBXGroup;
			children = (
				7FF3C62F2C00F21600163F2B /* Assets.xcassets */,
				7FF3C62B2C00F21500163F2B /* ToDoListApp.swift */,
				7FF3C65C2C00FB7000163F2B /* GoogleService-Info.plist */,
				7FF3C6842C03AF0D00163F2B /* Extensions.swift */,
				7F8A9F362C052BCA00642261 /* Launch Screen.storyboard */,
			);
			path = Other;
			sourceTree = "<group>";
		};
/* End PBXGroup section */

/* Begin PBXNativeTarget section */
		7FF3C6272C00F21500163F2B /* ToDoList */ = {
			isa = PBXNativeTarget;
			buildConfigurationList = 7FF3C64C2C00F21600163F2B /* Build configuration list for PBXNativeTarget "ToDoList" */;
			buildPhases = (
				7FF3C6242C00F21500163F2B /* Sources */,
				7FF3C6252C00F21500163F2B /* Frameworks */,
				7FF3C6262C00F21500163F2B /* Resources */,
			);
			buildRules = (
			);
			dependencies = (
			);
			name = ToDoList;
			packageProductDependencies = (
				7FF3C6562C00F98800163F2B /* FirebaseAuth */,
				7FF3C6582C00F98800163F2B /* FirebaseFirestore */,
				7FF3C65A2C00F98800163F2B /* FirebaseFirestoreSwift */,
			);
			productName = ToDoList;
			productReference = 7FF3C6282C00F21500163F2B /* ToDoList.app */;
			productType = "com.apple.product-type.application";
		};
		7FF3C6372C00F21600163F2B /* ToDoListTests */ = {
			isa = PBXNativeTarget;
			buildConfigurationList = 7FF3C64F2C00F21600163F2B /* Build configuration list for PBXNativeTarget "ToDoListTests" */;
			buildPhases = (
				7FF3C6342C00F21600163F2B /* Sources */,
				7FF3C6352C00F21600163F2B /* Frameworks */,
				7FF3C6362C00F21600163F2B /* Resources */,
			);
			buildRules = (
			);
			dependencies = (
				7FF3C63A2C00F21600163F2B /* PBXTargetDependency */,
			);
			name = ToDoListTests;
			productName = ToDoListTests;
			productReference = 7FF3C6382C00F21600163F2B /* ToDoListTests.xctest */;
			productType = "com.apple.product-type.bundle.unit-test";
		};
		7FF3C6412C00F21600163F2B /* ToDoListUITests */ = {
			isa = PBXNativeTarget;
			buildConfigurationList = 7FF3C6522C00F21600163F2B /* Build configuration list for PBXNativeTarget "ToDoListUITests" */;
			buildPhases = (
				7FF3C63E2C00F21600163F2B /* Sources */,
				7FF3C63F2C00F21600163F2B /* Frameworks */,
				7FF3C6402C00F21600163F2B /* Resources */,
			);
			buildRules = (
			);
			dependencies = (
				7FF3C6442C00F21600163F2B /* PBXTargetDependency */,
			);
			name = ToDoListUITests;
			productName = ToDoListUITests;
			productReference = 7FF3C6422C00F21600163F2B /* ToDoListUITests.xctest */;
			productType = "com.apple.product-type.bundle.ui-testing";
		};
/* End PBXNativeTarget section */

/* Begin PBXProject section */
		7FF3C6202C00F21500163F2B /* Project object */ = {
			isa = PBXProject;
			attributes = {
				BuildIndependentTargetsInParallel = 1;
				LastSwiftUpdateCheck = 1540;
				LastUpgradeCheck = 1540;
				TargetAttributes = {
					7FF3C6272C00F21500163F2B = {
						CreatedOnToolsVersion = 15.4;
					};
					7FF3C6372C00F21600163F2B = {
						CreatedOnToolsVersion = 15.4;
						TestTargetID = 7FF3C6272C00F21500163F2B;
					};
					7FF3C6412C00F21600163F2B = {
						CreatedOnToolsVersion = 15.4;
						TestTargetID = 7FF3C6272C00F21500163F2B;
					};
				};
			};
			buildConfigurationList = 7FF3C6232C00F21500163F2B /* Build configuration list for PBXProject "ToDoList" */;
			compatibilityVersion = "Xcode 14.0";
			developmentRegion = en;
			hasScannedForEncodings = 0;
			knownRegions = (
				en,
				Base,
			);
			mainGroup = 7FF3C61F2C00F21500163F2B;
			packageReferences = (
				7FF3C6552C00F98700163F2B /* XCRemoteSwiftPackageReference "firebase-ios-sdk" */,
			);
			productRefGroup = 7FF3C6292C00F21500163F2B /* Products */;
			projectDirPath = "";
			projectRoot = "";
			targets = (
				7FF3C6272C00F21500163F2B /* ToDoList */,
				7FF3C6372C00F21600163F2B /* ToDoListTests */,
				7FF3C6412C00F21600163F2B /* ToDoListUITests */,
			);
		};
/* End PBXProject section */

/* Begin PBXResourcesBuildPhase section */
		7FF3C6262C00F21500163F2B /* Resources */ = {
			isa = PBXResourcesBuildPhase;
			buildActionMask = 2147483647;
			files = (
				7FF3C6332C00F21600163F2B /* Preview Assets.xcassets in Resources */,
				7FF3C6302C00F21600163F2B /* Assets.xcassets in Resources */,
				7F8A9F372C052BCA00642261 /* Launch Screen.storyboard in Resources */,
				7FF3C65D2C00FB7100163F2B /* GoogleService-Info.plist in Resources */,
			);
			runOnlyForDeploymentPostprocessing = 0;
		};
		7FF3C6362C00F21600163F2B /* Resources */ = {
			isa = PBXResourcesBuildPhase;
			buildActionMask = 2147483647;
			files = (
			);
			runOnlyForDeploymentPostprocessing = 0;
		};
		7FF3C6402C00F21600163F2B /* Resources */ = {
			isa = PBXResourcesBuildPhase;
			buildActionMask = 2147483647;
			files = (
			);
			runOnlyForDeploymentPostprocessing = 0;
		};
/* End PBXResourcesBuildPhase section */

/* Begin PBXSourcesBuildPhase section */
		7FF3C6242C00F21500163F2B /* Sources */ = {
			isa = PBXSourcesBuildPhase;
			buildActionMask = 2147483647;
			files = (
				7FF3C66B2C00FE8E00163F2B /* RegiesterView.swift in Sources */,
				7FF3C6812C01036D00163F2B /* HeaderView.swift in Sources */,
				7FF3C66F2C00FEF300163F2B /* User.swift in Sources */,
				7FF3C67D2C00FF6E00163F2B /* RegisterViewViewModel.swift in Sources */,
				7FF3C6732C00FF3B00163F2B /* MainViewViewModel.swift in Sources */,
				7FF3C6692C00FE7B00163F2B /* LoginView.swift in Sources */,
				7FF3C62E2C00F21500163F2B /* Mainview.swift in Sources */,
				7FF3C6752C00FF4600163F2B /* ProfileViewViewModel.swift in Sources */,
				7FF3C6652C00FE5700163F2B /* ToDoListView.swift in Sources */,
				7FF3C6632C00FE2300163F2B /* ProfileView.swift in Sources */,
				7FF3C66D2C00FEB200163F2B /* ToDoListItemView.swift in Sources */,
				7FF3C6772C00FF5200163F2B /* ToDoListViewViewModel.swift in Sources */,
				7FF3C67B2C00FF6500163F2B /* LoginViewViewModel.swift in Sources */,
				7FF3C62C2C00F21500163F2B /* ToDoListApp.swift in Sources */,
				7FF3C6712C00FF0500163F2B /* ToDoListItem.swift in Sources */,
				7FF3C6852C03AF0D00163F2B /* Extensions.swift in Sources */,
				7FF3C6672C00FE6E00163F2B /* NewItemView.swift in Sources */,
				7FF3C6792C00FF5C00163F2B /* NewItemViewViewModel.swift in Sources */,
				7FF3C6832C01F22E00163F2B /* TLButtonview.swift in Sources */,
				7FF3C67F2C00FF7C00163F2B /* ToDoListItemViewViewModel.swift in Sources */,
			);
			runOnlyForDeploymentPostprocessing = 0;
		};
		7FF3C6342C00F21600163F2B /* Sources */ = {
			isa = PBXSourcesBuildPhase;
			buildActionMask = 2147483647;
			files = (
				7FF3C63D2C00F21600163F2B /* ToDoListTests.swift in Sources */,
			);
			runOnlyForDeploymentPostprocessing = 0;
		};
		7FF3C63E2C00F21600163F2B /* Sources */ = {
			isa = PBXSourcesBuildPhase;
			buildActionMask = 2147483647;
			files = (
				7FF3C6492C00F21600163F2B /* ToDoListUITestsLaunchTests.swift in Sources */,
				7FF3C6472C00F21600163F2B /* ToDoListUITests.swift in Sources */,
			);
			runOnlyForDeploymentPostprocessing = 0;
		};
/* End PBXSourcesBuildPhase section */

/* Begin PBXTargetDependency section */
		7FF3C63A2C00F21600163F2B /* PBXTargetDependency */ = {
			isa = PBXTargetDependency;
			target = 7FF3C6272C00F21500163F2B /* ToDoList */;
			targetProxy = 7FF3C6392C00F21600163F2B /* PBXContainerItemProxy */;
		};
		7FF3C6442C00F21600163F2B /* PBXTargetDependency */ = {
			isa = PBXTargetDependency;
			target = 7FF3C6272C00F21500163F2B /* ToDoList */;
			targetProxy = 7FF3C6432C00F21600163F2B /* PBXContainerItemProxy */;
		};
/* End PBXTargetDependency section */

/* Begin XCBuildConfiguration section */
		7FF3C64A2C00F21600163F2B /* Debug */ = {
			isa = XCBuildConfiguration;
			buildSettings = {
				ALWAYS_SEARCH_USER_PATHS = NO;
				ASSETCATALOG_COMPILER_GENERATE_SWIFT_ASSET_SYMBOL_EXTENSIONS = YES;
				CLANG_ANALYZER_NONNULL = YES;
				CLANG_ANALYZER_NUMBER_OBJECT_CONVERSION = YES_AGGRESSIVE;
				CLANG_CXX_LANGUAGE_STANDARD = "gnu++20";
				CLANG_ENABLE_MODULES = YES;
				CLANG_ENABLE_OBJC_ARC = YES;
				CLANG_ENABLE_OBJC_WEAK = YES;
				CLANG_WARN_BLOCK_CAPTURE_AUTORELEASING = YES;
				CLANG_WARN_BOOL_CONVERSION = YES;
				CLANG_WARN_COMMA = YES;
				CLANG_WARN_CONSTANT_CONVERSION = YES;
				CLANG_WARN_DEPRECATED_OBJC_IMPLEMENTATIONS = YES;
				CLANG_WARN_DIRECT_OBJC_ISA_USAGE = YES_ERROR;
				CLANG_WARN_DOCUMENTATION_COMMENTS = YES;
				CLANG_WARN_EMPTY_BODY = YES;
				CLANG_WARN_ENUM_CONVERSION = YES;
				CLANG_WARN_INFINITE_RECURSION = YES;
				CLANG_WARN_INT_CONVERSION = YES;
				CLANG_WARN_NON_LITERAL_NULL_CONVERSION = YES;
				CLANG_WARN_OBJC_IMPLICIT_RETAIN_SELF = YES;
				CLANG_WARN_OBJC_LITERAL_CONVERSION = YES;
				CLANG_WARN_OBJC_ROOT_CLASS = YES_ERROR;
				CLANG_WARN_QUOTED_INCLUDE_IN_FRAMEWORK_HEADER = YES;
				CLANG_WARN_RANGE_LOOP_ANALYSIS = YES;
				CLANG_WARN_STRICT_PROTOTYPES = YES;
				CLANG_WARN_SUSPICIOUS_MOVE = YES;
				CLANG_WARN_UNGUARDED_AVAILABILITY = YES_AGGRESSIVE;
				CLANG_WARN_UNREACHABLE_CODE = YES;
				CLANG_WARN__DUPLICATE_METHOD_MATCH = YES;
				COPY_PHASE_STRIP = NO;
				DEBUG_INFORMATION_FORMAT = dwarf;
				ENABLE_STRICT_OBJC_MSGSEND = YES;
				ENABLE_TESTABILITY = YES;
				ENABLE_USER_SCRIPT_SANDBOXING = YES;
				GCC_C_LANGUAGE_STANDARD = gnu17;
				GCC_DYNAMIC_NO_PIC = NO;
				GCC_NO_COMMON_BLOCKS = YES;
				GCC_OPTIMIZATION_LEVEL = 0;
				GCC_PREPROCESSOR_DEFINITIONS = (
					"DEBUG=1",
					"$(inherited)",
				);
				GCC_WARN_64_TO_32_BIT_CONVERSION = YES;
				GCC_WARN_ABOUT_RETURN_TYPE = YES_ERROR;
				GCC_WARN_UNDECLARED_SELECTOR = YES;
				GCC_WARN_UNINITIALIZED_AUTOS = YES_AGGRESSIVE;
				GCC_WARN_UNUSED_FUNCTION = YES;
				GCC_WARN_UNUSED_VARIABLE = YES;
				IPHONEOS_DEPLOYMENT_TARGET = 17.5;
				LOCALIZATION_PREFERS_STRING_CATALOGS = YES;
				MTL_ENABLE_DEBUG_INFO = INCLUDE_SOURCE;
				MTL_FAST_MATH = YES;
				ONLY_ACTIVE_ARCH = YES;
				SDKROOT = iphoneos;
				SWIFT_ACTIVE_COMPILATION_CONDITIONS = "DEBUG $(inherited)";
				SWIFT_OPTIMIZATION_LEVEL = "-Onone";
			};
			name = Debug;
		};
		7FF3C64B2C00F21600163F2B /* Release */ = {
			isa = XCBuildConfiguration;
			buildSettings = {
				ALWAYS_SEARCH_USER_PATHS = NO;
				ASSETCATALOG_COMPILER_GENERATE_SWIFT_ASSET_SYMBOL_EXTENSIONS = YES;
				CLANG_ANALYZER_NONNULL = YES;
				CLANG_ANALYZER_NUMBER_OBJECT_CONVERSION = YES_AGGRESSIVE;
				CLANG_CXX_LANGUAGE_STANDARD = "gnu++20";
				CLANG_ENABLE_MODULES = YES;
				CLANG_ENABLE_OBJC_ARC = YES;
				CLANG_ENABLE_OBJC_WEAK = YES;
				CLANG_WARN_BLOCK_CAPTURE_AUTORELEASING = YES;
				CLANG_WARN_BOOL_CONVERSION = YES;
				CLANG_WARN_COMMA = YES;
				CLANG_WARN_CONSTANT_CONVERSION = YES;
				CLANG_WARN_DEPRECATED_OBJC_IMPLEMENTATIONS = YES;
				CLANG_WARN_DIRECT_OBJC_ISA_USAGE = YES_ERROR;
				CLANG_WARN_DOCUMENTATION_COMMENTS = YES;
				CLANG_WARN_EMPTY_BODY = YES;
				CLANG_WARN_ENUM_CONVERSION = YES;
				CLANG_WARN_INFINITE_RECURSION = YES;
				CLANG_WARN_INT_CONVERSION = YES;
				CLANG_WARN_NON_LITERAL_NULL_CONVERSION = YES;
				CLANG_WARN_OBJC_IMPLICIT_RETAIN_SELF = YES;
				CLANG_WARN_OBJC_LITERAL_CONVERSION = YES;
				CLANG_WARN_OBJC_ROOT_CLASS = YES_ERROR;
				CLANG_WARN_QUOTED_INCLUDE_IN_FRAMEWORK_HEADER = YES;
				CLANG_WARN_RANGE_LOOP_ANALYSIS = YES;
				CLANG_WARN_STRICT_PROTOTYPES = YES;
				CLANG_WARN_SUSPICIOUS_MOVE = YES;
				CLANG_WARN_UNGUARDED_AVAILABILITY = YES_AGGRESSIVE;
				CLANG_WARN_UNREACHABLE_CODE = YES;
				CLANG_WARN__DUPLICATE_METHOD_MATCH = YES;
				COPY_PHASE_STRIP = NO;
				DEBUG_INFORMATION_FORMAT = "dwarf-with-dsym";
				ENABLE_NS_ASSERTIONS = NO;
				ENABLE_STRICT_OBJC_MSGSEND = YES;
				ENABLE_USER_SCRIPT_SANDBOXING = YES;
				GCC_C_LANGUAGE_STANDARD = gnu17;
				GCC_NO_COMMON_BLOCKS = YES;
				GCC_WARN_64_TO_32_BIT_CONVERSION = YES;
				GCC_WARN_ABOUT_RETURN_TYPE = YES_ERROR;
				GCC_WARN_UNDECLARED_SELECTOR = YES;
				GCC_WARN_UNINITIALIZED_AUTOS = YES_AGGRESSIVE;
				GCC_WARN_UNUSED_FUNCTION = YES;
				GCC_WARN_UNUSED_VARIABLE = YES;
				IPHONEOS_DEPLOYMENT_TARGET = 17.5;
				LOCALIZATION_PREFERS_STRING_CATALOGS = YES;
				MTL_ENABLE_DEBUG_INFO = NO;
				MTL_FAST_MATH = YES;
				SDKROOT = iphoneos;
				SWIFT_COMPILATION_MODE = wholemodule;
				VALIDATE_PRODUCT = YES;
			};
			name = Release;
		};
		7FF3C64D2C00F21600163F2B /* Debug */ = {
			isa = XCBuildConfiguration;
			buildSettings = {
				ASSETCATALOG_COMPILER_APPICON_NAME = AppIcon;
				ASSETCATALOG_COMPILER_GLOBAL_ACCENT_COLOR_NAME = AccentColor;
				CODE_SIGN_STYLE = Automatic;
				CURRENT_PROJECT_VERSION = 1;
				DEVELOPMENT_ASSET_PATHS = "\"ToDoList/Preview Content\"";
				ENABLE_PREVIEWS = YES;
				GENERATE_INFOPLIST_FILE = YES;
				INFOPLIST_KEY_CFBundleDisplayName = "To Do List";
				INFOPLIST_KEY_UIApplicationSceneManifest_Generation = YES;
				INFOPLIST_KEY_UIApplicationSupportsIndirectInputEvents = YES;
				INFOPLIST_KEY_UILaunchScreen_Generation = YES;
				INFOPLIST_KEY_UILaunchStoryboardName = "Launch Screen.storyboard";
				INFOPLIST_KEY_UISupportedInterfaceOrientations = UIInterfaceOrientationPortrait;
				LD_RUNPATH_SEARCH_PATHS = (
					"$(inherited)",
					"@executable_path/Frameworks",
				);
				MARKETING_VERSION = 1.0;
				PRODUCT_BUNDLE_IDENTIFIER = Nayeb.ToDoList;
				PRODUCT_NAME = "$(TARGET_NAME)";
				SWIFT_EMIT_LOC_STRINGS = YES;
				SWIFT_VERSION = 5.0;
				TARGETED_DEVICE_FAMILY = "1,2";
			};
			name = Debug;
		};
		7FF3C64E2C00F21600163F2B /* Release */ = {
			isa = XCBuildConfiguration;
			buildSettings = {
				ASSETCATALOG_COMPILER_APPICON_NAME = AppIcon;
				ASSETCATALOG_COMPILER_GLOBAL_ACCENT_COLOR_NAME = AccentColor;
				CODE_SIGN_STYLE = Automatic;
				CURRENT_PROJECT_VERSION = 1;
				DEVELOPMENT_ASSET_PATHS = "\"ToDoList/Preview Content\"";
				ENABLE_PREVIEWS = YES;
				GENERATE_INFOPLIST_FILE = YES;
				INFOPLIST_KEY_CFBundleDisplayName = "To Do List";
				INFOPLIST_KEY_UIApplicationSceneManifest_Generation = YES;
				INFOPLIST_KEY_UIApplicationSupportsIndirectInputEvents = YES;
				INFOPLIST_KEY_UILaunchScreen_Generation = YES;
				INFOPLIST_KEY_UILaunchStoryboardName = "Launch Screen.storyboard";
				INFOPLIST_KEY_UISupportedInterfaceOrientations = UIInterfaceOrientationPortrait;
				LD_RUNPATH_SEARCH_PATHS = (
					"$(inherited)",
					"@executable_path/Frameworks",
				);
				MARKETING_VERSION = 1.0;
				PRODUCT_BUNDLE_IDENTIFIER = Nayeb.ToDoList;
				PRODUCT_NAME = "$(TARGET_NAME)";
				SWIFT_EMIT_LOC_STRINGS = YES;
				SWIFT_VERSION = 5.0;
				TARGETED_DEVICE_FAMILY = "1,2";
			};
			name = Release;
		};
		7FF3C6502C00F21600163F2B /* Debug */ = {
			isa = XCBuildConfiguration;
			buildSettings = {
				ALWAYS_EMBED_SWIFT_STANDARD_LIBRARIES = YES;
				BUNDLE_LOADER = "$(TEST_HOST)";
				CODE_SIGN_STYLE = Automatic;
				CURRENT_PROJECT_VERSION = 1;
				GENERATE_INFOPLIST_FILE = YES;
				IPHONEOS_DEPLOYMENT_TARGET = 17.5;
				MARKETING_VERSION = 1.0;
				PRODUCT_BUNDLE_IDENTIFIER = Nayeb.ToDoListTests;
				PRODUCT_NAME = "$(TARGET_NAME)";
				SWIFT_EMIT_LOC_STRINGS = NO;
				SWIFT_VERSION = 5.0;
				TARGETED_DEVICE_FAMILY = "1,2";
				TEST_HOST = "$(BUILT_PRODUCTS_DIR)/ToDoList.app/$(BUNDLE_EXECUTABLE_FOLDER_PATH)/ToDoList";
			};
			name = Debug;
		};
		7FF3C6512C00F21600163F2B /* Release */ = {
			isa = XCBuildConfiguration;
			buildSettings = {
				ALWAYS_EMBED_SWIFT_STANDARD_LIBRARIES = YES;
				BUNDLE_LOADER = "$(TEST_HOST)";
				CODE_SIGN_STYLE = Automatic;
				CURRENT_PROJECT_VERSION = 1;
				GENERATE_INFOPLIST_FILE = YES;
				IPHONEOS_DEPLOYMENT_TARGET = 17.5;
				MARKETING_VERSION = 1.0;
				PRODUCT_BUNDLE_IDENTIFIER = Nayeb.ToDoListTests;
				PRODUCT_NAME = "$(TARGET_NAME)";
				SWIFT_EMIT_LOC_STRINGS = NO;
				SWIFT_VERSION = 5.0;
				TARGETED_DEVICE_FAMILY = "1,2";
				TEST_HOST = "$(BUILT_PRODUCTS_DIR)/ToDoList.app/$(BUNDLE_EXECUTABLE_FOLDER_PATH)/ToDoList";
			};
			name = Release;
		};
		7FF3C6532C00F21600163F2B /* Debug */ = {
			isa = XCBuildConfiguration;
			buildSettings = {
				ALWAYS_EMBED_SWIFT_STANDARD_LIBRARIES = YES;
				CODE_SIGN_STYLE = Automatic;
				CURRENT_PROJECT_VERSION = 1;
				GENERATE_INFOPLIST_FILE = YES;
				MARKETING_VERSION = 1.0;
				PRODUCT_BUNDLE_IDENTIFIER = Nayeb.ToDoListUITests;
				PRODUCT_NAME = "$(TARGET_NAME)";
				SWIFT_EMIT_LOC_STRINGS = NO;
				SWIFT_VERSION = 5.0;
				TARGETED_DEVICE_FAMILY = "1,2";
				TEST_TARGET_NAME = ToDoList;
			};
			name = Debug;
		};
		7FF3C6542C00F21600163F2B /* Release */ = {
			isa = XCBuildConfiguration;
			buildSettings = {
				ALWAYS_EMBED_SWIFT_STANDARD_LIBRARIES = YES;
				CODE_SIGN_STYLE = Automatic;
				CURRENT_PROJECT_VERSION = 1;
				GENERATE_INFOPLIST_FILE = YES;
				MARKETING_VERSION = 1.0;
				PRODUCT_BUNDLE_IDENTIFIER = Nayeb.ToDoListUITests;
				PRODUCT_NAME = "$(TARGET_NAME)";
				SWIFT_EMIT_LOC_STRINGS = NO;
				SWIFT_VERSION = 5.0;
				TARGETED_DEVICE_FAMILY = "1,2";
				TEST_TARGET_NAME = ToDoList;
			};
			name = Release;
		};
/* End XCBuildConfiguration section */

/* Begin XCConfigurationList section */
		7FF3C6232C00F21500163F2B /* Build configuration list for PBXProject "ToDoList" */ = {
			isa = XCConfigurationList;
			buildConfigurations = (
				7FF3C64A2C00F21600163F2B /* Debug */,
				7FF3C64B2C00F21600163F2B /* Release */,
			);
			defaultConfigurationIsVisible = 0;
			defaultConfigurationName = Release;
		};
		7FF3C64C2C00F21600163F2B /* Build configuration list for PBXNativeTarget "ToDoList" */ = {
			isa = XCConfigurationList;
			buildConfigurations = (
				7FF3C64D2C00F21600163F2B /* Debug */,
				7FF3C64E2C00F21600163F2B /* Release */,
			);
			defaultConfigurationIsVisible = 0;
			defaultConfigurationName = Release;
		};
		7FF3C64F2C00F21600163F2B /* Build configuration list for PBXNativeTarget "ToDoListTests" */ = {
			isa = XCConfigurationList;
			buildConfigurations = (
				7FF3C6502C00F21600163F2B /* Debug */,
				7FF3C6512C00F21600163F2B /* Release */,
			);
			defaultConfigurationIsVisible = 0;
			defaultConfigurationName = Release;
		};
		7FF3C6522C00F21600163F2B /* Build configuration list for PBXNativeTarget "ToDoListUITests" */ = {
			isa = XCConfigurationList;
			buildConfigurations = (
				7FF3C6532C00F21600163F2B /* Debug */,
				7FF3C6542C00F21600163F2B /* Release */,
			);
			defaultConfigurationIsVisible = 0;
			defaultConfigurationName = Release;
		};
/* End XCConfigurationList section */

/* Begin XCRemoteSwiftPackageReference section */
		7FF3C6552C00F98700163F2B /* XCRemoteSwiftPackageReference "firebase-ios-sdk" */ = {
			isa = XCRemoteSwiftPackageReference;
			repositoryURL = "https://github.com/firebase/firebase-ios-sdk";
			requirement = {
				kind = upToNextMajorVersion;
				minimumVersion = 10.26.0;
			};
		};
/* End XCRemoteSwiftPackageReference section */

/* Begin XCSwiftPackageProductDependency section */
		7FF3C6562C00F98800163F2B /* FirebaseAuth */ = {
			isa = XCSwiftPackageProductDependency;
			package = 7FF3C6552C00F98700163F2B /* XCRemoteSwiftPackageReference "firebase-ios-sdk" */;
			productName = FirebaseAuth;
		};
		7FF3C6582C00F98800163F2B /* FirebaseFirestore */ = {
			isa = XCSwiftPackageProductDependency;
			package = 7FF3C6552C00F98700163F2B /* XCRemoteSwiftPackageReference "firebase-ios-sdk" */;
			productName = FirebaseFirestore;
		};
		7FF3C65A2C00F98800163F2B /* FirebaseFirestoreSwift */ = {
			isa = XCSwiftPackageProductDependency;
			package = 7FF3C6552C00F98700163F2B /* XCRemoteSwiftPackageReference "firebase-ios-sdk" */;
			productName = FirebaseFirestoreSwift;
		};
/* End XCSwiftPackageProductDependency section */
	};
	rootObject = 7FF3C6202C00F21500163F2B /* Project object */;
}
